
Microsoft Visual Studio Solution File, Format Version 12.00
# Visual Studio 15
VisualStudioVersion = 15.0.28010.2048
MinimumVisualStudioVersion = 10.0.40219.1
Project("{FAE04EC0-301F-11D3-BF4B-00C04F79EFBC}") = "PrintPrince", "PrintPrince\PrintPrince.csproj", "{057F700A-8AC3-45F6-8CC7-70E82A496014}"
EndProject
Project("{54435603-DBB4-11D2-8724-00A0C9A8B90C}") = "PrintPrinceSetup", "PrintPrinceSetup\PrintPrinceSetup.vdproj", "{44D4A250-DEFE-4BE3-AB7A-10080B6D1B97}"
EndProject
Project("{7CF6DF6D-3B04-46F8-A40B-537D21BCA0B4}") = "PrintPrinceHelp", "PrintPrinceHelp\PrintPrinceHelp.shfbproj", "{F57555E9-91BA-4115-9C0C-4AB6685EC834}"
EndProject
Global
	GlobalSection(SolutionConfigurationPlatforms) = preSolution
		Debug|Any CPU = Debug|Any CPU
		Release|Any CPU = Release|Any CPU
	EndGlobalSection
	GlobalSection(ProjectConfigurationPlatforms) = postSolution
		{057F700A-8AC3-45F6-8CC7-70E82A496014}.Debug|Any CPU.ActiveCfg = Debug|Any CPU
		{057F700A-8AC3-45F6-8CC7-70E82A496014}.Debug|Any CPU.Build.0 = Debug|Any CPU
		{057F700A-8AC3-45F6-8CC7-70E82A496014}.Release|Any CPU.ActiveCfg = Release|Any CPU
		{057F700A-8AC3-45F6-8CC7-70E82A496014}.Release|Any CPU.Build.0 = Release|Any CPU
		{44D4A250-DEFE-4BE3-AB7A-10080B6D1B97}.Debug|Any CPU.ActiveCfg = Debug
		{44D4A250-DEFE-4BE3-AB7A-10080B6D1B97}.Release|Any CPU.ActiveCfg = Release
		{44D4A250-DEFE-4BE3-AB7A-10080B6D1B97}.Release|Any CPU.Build.0 = Release
		{F57555E9-91BA-4115-9C0C-4AB6685EC834}.Debug|Any CPU.ActiveCfg = Debug|Any CPU
		{F57555E9-91BA-4115-9C0C-4AB6685EC834}.Release|Any CPU.ActiveCfg = Release|Any CPU
		{F57555E9-91BA-4115-9C0C-4AB6685EC834}.Release|Any CPU.Build.0 = Release|Any CPU
	EndGlobalSection
	GlobalSection(SolutionProperties) = preSolution
		HideSolutionNode = FALSE
	EndGlobalSection
	GlobalSection(ExtensibilityGlobals) = postSolution
		SolutionGuid = {EB5CB8E7-20B0-4EA4-BBBE-1612BF91E5E4}
	EndGlobalSection
EndGlobal
